
Microsoft Visual Studio Solution File, Format Version 12.00
# Visual Studio Version 17
VisualStudioVersion = 17.4.33103.184
MinimumVisualStudioVersion = 10.0.40219.1
Project("{A0786B88-2ADB-4C21-ABE8-AA2D79766269}") = "PhpTimeConverter", "PhpTimeConverter.phpproj", "{AA152E15-5425-49BE-80A1-F4A442194D65}"
EndProject
Global
	GlobalSection(SolutionConfigurationPlatforms) = preSolution
		Debug|Any CPU = Debug|Any CPU
		Release|Any CPU = Release|Any CPU
	EndGlobalSection
	GlobalSection(ProjectConfigurationPlatforms) = postSolution
		{AA152E15-5425-49BE-80A1-F4A442194D65}.Debug|Any CPU.ActiveCfg = Debug|Any CPU
		{AA152E15-5425-49BE-80A1-F4A442194D65}.Debug|Any CPU.Build.0 = Debug|Any CPU
		{AA152E15-5425-49BE-80A1-F4A442194D65}.Release|Any CPU.ActiveCfg = Release|Any CPU
		{AA152E15-5425-49BE-80A1-F4A442194D65}.Release|Any CPU.Build.0 = Release|Any CPU
	EndGlobalSection
	GlobalSection(SolutionProperties) = preSolution
		HideSolutionNode = FALSE
	EndGlobalSection
	GlobalSection(ExtensibilityGlobals) = postSolution
		SolutionGuid = {6DFF4B68-84E1-4E2A-B3FB-98435E93DD0A}
	EndGlobalSection
EndGlobal
